
Microsoft Visual Studio Solution File, Format Version 9.00
# Visual Studio 2005
Project("{8BC9CEB8-8B4A-11D0-8D11-00A0C91BC942}") = "temper_w32", "temper_w32.vcproj", "{CE1ECC6B-71C9-4DA9-8665-67FEB146D073}"
EndProject
Global
	GlobalSection(SolutionConfigurationPlatforms) = preSolution
		Debug|Win32 = Debug|Win32
		Release|Win32 = Release|Win32
	EndGlobalSection
	GlobalSection(ProjectConfigurationPlatforms) = postSolution
		{CE1ECC6B-71C9-4DA9-8665-67FEB146D073}.Debug|Win32.ActiveCfg = Debug|Win32
		{CE1ECC6B-71C9-4DA9-8665-67FEB146D073}.Debug|Win32.Build.0 = Debug|Win32
		{CE1ECC6B-71C9-4DA9-8665-67FEB146D073}.Release|Win32.ActiveCfg = Release|Win32
		{CE1ECC6B-71C9-4DA9-8665-67FEB146D073}.Release|Win32.Build.0 = Release|Win32
	EndGlobalSection
	GlobalSection(SolutionProperties) = preSolution
		HideSolutionNode = FALSE
	EndGlobalSection
EndGlobal
